
Microsoft Visual Studio Solution File, Format Version 12.00
# Visual Studio Version 16
VisualStudioVersion = 16.0.31702.278
MinimumVisualStudioVersion = 10.0.40219.1
Project("{2150E333-8FDC-42A3-9474-1A3956D46DE8}") = "Applications", "Applications", "{8BF4389F-E5A5-4B74-B9A5-FF74B9FC657C}"
EndProject
Project("{2150E333-8FDC-42A3-9474-1A3956D46DE8}") = "Tests", "Tests", "{CB72D4A4-19D5-4E89-B53D-ED11F8F534BA}"
EndProject
Project("{9A19103F-16F7-4668-BE54-9A1E7A4F7556}") = "OrderBookWebApp", "OrderBookWebApp\OrderBookWebApp.csproj", "{031658AA-D9C0-49F0-857C-C8D35846C6EF}"
EndProject
Project("{2150E333-8FDC-42A3-9474-1A3956D46DE8}") = "Data", "Data", "{4CC1B9CD-A86C-443E-BC04-5514D7EC9D8E}"
EndProject
Project("{2150E333-8FDC-42A3-9474-1A3956D46DE8}") = "DataModels", "DataModels", "{091F1855-8B80-4EB5-A1C1-F3A07CE796DD}"
EndProject
Project("{FAE04EC0-301F-11D3-BF4B-00C04F79EFBC}") = "OrderBook.DataContracts.Orders", "OrderBook.DataContracts.Orders\OrderBook.DataContracts.Orders.csproj", "{A2A81648-7761-4E80-8236-4E12F6AC3FA8}"
EndProject
Project("{2150E333-8FDC-42A3-9474-1A3956D46DE8}") = "BLL", "BLL", "{C0CA3B67-7FB7-4172-BAC4-6AC1626B5719}"
EndProject
Project("{FAE04EC0-301F-11D3-BF4B-00C04F79EFBC}") = "OrderBook.DataContracts.Common", "OrderBook.DataContracts.Common\OrderBook.DataContracts.Common.csproj", "{92A061A1-573B-4DEF-BFEA-CCB9E9583E6D}"
EndProject
Project("{2150E333-8FDC-42A3-9474-1A3956D46DE8}") = "Services", "Services", "{3048F177-4716-4DE4-AC84-393179980580}"
EndProject
Project("{FAE04EC0-301F-11D3-BF4B-00C04F79EFBC}") = "OrderBook.Services.RefreshOrdersDataBackgroudService", "OrderBook.Services.RefreshOrdersDataBackgroudService\OrderBook.Services.RefreshOrdersDataBackgroudService.csproj", "{0E5D34D1-61AC-4846-9DEC-635CF2968344}"
EndProject
Project("{2150E333-8FDC-42A3-9474-1A3956D46DE8}") = "Kit", "Kit", "{4FCF5D17-AEF6-441A-93A9-D4D4BC729E5C}"
EndProject
Project("{FAE04EC0-301F-11D3-BF4B-00C04F79EFBC}") = "OrderBook.Kit.RestClientWrapper", "OrderBook.Kit.RestClientWrapper\OrderBook.Kit.RestClientWrapper.csproj", "{ACF31B4C-6AB5-4451-A168-629925C0491D}"
EndProject
Project("{2150E333-8FDC-42A3-9474-1A3956D46DE8}") = "Global", "Global", "{9969E414-470A-4396-A150-2E6BE6113EB7}"
EndProject
Project("{FAE04EC0-301F-11D3-BF4B-00C04F79EFBC}") = "OrderBook.CommonDependenciesRegistration", "OrderBook.CommonDependenciesRegistration\OrderBook.CommonDependenciesRegistration.csproj", "{009B350E-B250-45A6-AB49-4A9D9B6AD81E}"
EndProject
Project("{FAE04EC0-301F-11D3-BF4B-00C04F79EFBC}") = "OrderBook.CommonTools", "OrderBook.CommonTools\OrderBook.CommonTools.csproj", "{0156C7D8-4405-4B2F-8D15-CF82FCE55FC9}"
EndProject
Project("{FAE04EC0-301F-11D3-BF4B-00C04F79EFBC}") = "OrderBook.BLL.Common", "OrderBook.BLL.Common\OrderBook.BLL.Common.csproj", "{6042F086-721A-44B3-8C25-7397679A965E}"
EndProject
Project("{FAE04EC0-301F-11D3-BF4B-00C04F79EFBC}") = "OrderBook.BLL.OrdersData", "OrderBook.BLL.OrdersData\OrderBook.BLL.OrdersData.csproj", "{FEE90BB7-00FC-4871-91B3-0E29FFEB2DD7}"
EndProject
Project("{FAE04EC0-301F-11D3-BF4B-00C04F79EFBC}") = "OrderBook.Tests", "OrderBook.Tests\OrderBook.Tests.csproj", "{F24ADFFA-604C-4F10-A057-DE3CCBBD6D1F}"
EndProject
Global
	GlobalSection(SolutionConfigurationPlatforms) = preSolution
		Debug|Any CPU = Debug|Any CPU
		Release|Any CPU = Release|Any CPU
	EndGlobalSection
	GlobalSection(ProjectConfigurationPlatforms) = postSolution
		{031658AA-D9C0-49F0-857C-C8D35846C6EF}.Debug|Any CPU.ActiveCfg = Debug|Any CPU
		{031658AA-D9C0-49F0-857C-C8D35846C6EF}.Debug|Any CPU.Build.0 = Debug|Any CPU
		{031658AA-D9C0-49F0-857C-C8D35846C6EF}.Release|Any CPU.ActiveCfg = Release|Any CPU
		{031658AA-D9C0-49F0-857C-C8D35846C6EF}.Release|Any CPU.Build.0 = Release|Any CPU
		{A2A81648-7761-4E80-8236-4E12F6AC3FA8}.Debug|Any CPU.ActiveCfg = Debug|Any CPU
		{A2A81648-7761-4E80-8236-4E12F6AC3FA8}.Debug|Any CPU.Build.0 = Debug|Any CPU
		{A2A81648-7761-4E80-8236-4E12F6AC3FA8}.Release|Any CPU.ActiveCfg = Release|Any CPU
		{A2A81648-7761-4E80-8236-4E12F6AC3FA8}.Release|Any CPU.Build.0 = Release|Any CPU
		{92A061A1-573B-4DEF-BFEA-CCB9E9583E6D}.Debug|Any CPU.ActiveCfg = Debug|Any CPU
		{92A061A1-573B-4DEF-BFEA-CCB9E9583E6D}.Debug|Any CPU.Build.0 = Debug|Any CPU
		{92A061A1-573B-4DEF-BFEA-CCB9E9583E6D}.Release|Any CPU.ActiveCfg = Release|Any CPU
		{92A061A1-573B-4DEF-BFEA-CCB9E9583E6D}.Release|Any CPU.Build.0 = Release|Any CPU
		{0E5D34D1-61AC-4846-9DEC-635CF2968344}.Debug|Any CPU.ActiveCfg = Debug|Any CPU
		{0E5D34D1-61AC-4846-9DEC-635CF2968344}.Debug|Any CPU.Build.0 = Debug|Any CPU
		{0E5D34D1-61AC-4846-9DEC-635CF2968344}.Release|Any CPU.ActiveCfg = Release|Any CPU
		{0E5D34D1-61AC-4846-9DEC-635CF2968344}.Release|Any CPU.Build.0 = Release|Any CPU
		{ACF31B4C-6AB5-4451-A168-629925C0491D}.Debug|Any CPU.ActiveCfg = Debug|Any CPU
		{ACF31B4C-6AB5-4451-A168-629925C0491D}.Debug|Any CPU.Build.0 = Debug|Any CPU
		{ACF31B4C-6AB5-4451-A168-629925C0491D}.Release|Any CPU.ActiveCfg = Release|Any CPU
		{ACF31B4C-6AB5-4451-A168-629925C0491D}.Release|Any CPU.Build.0 = Release|Any CPU
		{009B350E-B250-45A6-AB49-4A9D9B6AD81E}.Debug|Any CPU.ActiveCfg = Debug|Any CPU
		{009B350E-B250-45A6-AB49-4A9D9B6AD81E}.Debug|Any CPU.Build.0 = Debug|Any CPU
		{009B350E-B250-45A6-AB49-4A9D9B6AD81E}.Release|Any CPU.ActiveCfg = Release|Any CPU
		{009B350E-B250-45A6-AB49-4A9D9B6AD81E}.Release|Any CPU.Build.0 = Release|Any CPU
		{0156C7D8-4405-4B2F-8D15-CF82FCE55FC9}.Debug|Any CPU.ActiveCfg = Debug|Any CPU
		{0156C7D8-4405-4B2F-8D15-CF82FCE55FC9}.Debug|Any CPU.Build.0 = Debug|Any CPU
		{0156C7D8-4405-4B2F-8D15-CF82FCE55FC9}.Release|Any CPU.ActiveCfg = Release|Any CPU
		{0156C7D8-4405-4B2F-8D15-CF82FCE55FC9}.Release|Any CPU.Build.0 = Release|Any CPU
		{6042F086-721A-44B3-8C25-7397679A965E}.Debug|Any CPU.ActiveCfg = Debug|Any CPU
		{6042F086-721A-44B3-8C25-7397679A965E}.Debug|Any CPU.Build.0 = Debug|Any CPU
		{6042F086-721A-44B3-8C25-7397679A965E}.Release|Any CPU.ActiveCfg = Release|Any CPU
		{6042F086-721A-44B3-8C25-7397679A965E}.Release|Any CPU.Build.0 = Release|Any CPU
		{FEE90BB7-00FC-4871-91B3-0E29FFEB2DD7}.Debug|Any CPU.ActiveCfg = Debug|Any CPU
		{FEE90BB7-00FC-4871-91B3-0E29FFEB2DD7}.Debug|Any CPU.Build.0 = Debug|Any CPU
		{FEE90BB7-00FC-4871-91B3-0E29FFEB2DD7}.Release|Any CPU.ActiveCfg = Release|Any CPU
		{FEE90BB7-00FC-4871-91B3-0E29FFEB2DD7}.Release|Any CPU.Build.0 = Release|Any CPU
		{F24ADFFA-604C-4F10-A057-DE3CCBBD6D1F}.Debug|Any CPU.ActiveCfg = Debug|Any CPU
		{F24ADFFA-604C-4F10-A057-DE3CCBBD6D1F}.Debug|Any CPU.Build.0 = Debug|Any CPU
		{F24ADFFA-604C-4F10-A057-DE3CCBBD6D1F}.Release|Any CPU.ActiveCfg = Release|Any CPU
		{F24ADFFA-604C-4F10-A057-DE3CCBBD6D1F}.Release|Any CPU.Build.0 = Release|Any CPU
	EndGlobalSection
	GlobalSection(SolutionProperties) = preSolution
		HideSolutionNode = FALSE
	EndGlobalSection
	GlobalSection(NestedProjects) = preSolution
		{031658AA-D9C0-49F0-857C-C8D35846C6EF} = {8BF4389F-E5A5-4B74-B9A5-FF74B9FC657C}
		{091F1855-8B80-4EB5-A1C1-F3A07CE796DD} = {4CC1B9CD-A86C-443E-BC04-5514D7EC9D8E}
		{A2A81648-7761-4E80-8236-4E12F6AC3FA8} = {091F1855-8B80-4EB5-A1C1-F3A07CE796DD}
		{C0CA3B67-7FB7-4172-BAC4-6AC1626B5719} = {4CC1B9CD-A86C-443E-BC04-5514D7EC9D8E}
		{92A061A1-573B-4DEF-BFEA-CCB9E9583E6D} = {091F1855-8B80-4EB5-A1C1-F3A07CE796DD}
		{3048F177-4716-4DE4-AC84-393179980580} = {4CC1B9CD-A86C-443E-BC04-5514D7EC9D8E}
		{0E5D34D1-61AC-4846-9DEC-635CF2968344} = {3048F177-4716-4DE4-AC84-393179980580}
		{4FCF5D17-AEF6-441A-93A9-D4D4BC729E5C} = {4CC1B9CD-A86C-443E-BC04-5514D7EC9D8E}
		{ACF31B4C-6AB5-4451-A168-629925C0491D} = {4FCF5D17-AEF6-441A-93A9-D4D4BC729E5C}
		{9969E414-470A-4396-A150-2E6BE6113EB7} = {4CC1B9CD-A86C-443E-BC04-5514D7EC9D8E}
		{009B350E-B250-45A6-AB49-4A9D9B6AD81E} = {9969E414-470A-4396-A150-2E6BE6113EB7}
		{0156C7D8-4405-4B2F-8D15-CF82FCE55FC9} = {9969E414-470A-4396-A150-2E6BE6113EB7}
		{6042F086-721A-44B3-8C25-7397679A965E} = {C0CA3B67-7FB7-4172-BAC4-6AC1626B5719}
		{FEE90BB7-00FC-4871-91B3-0E29FFEB2DD7} = {C0CA3B67-7FB7-4172-BAC4-6AC1626B5719}
		{F24ADFFA-604C-4F10-A057-DE3CCBBD6D1F} = {CB72D4A4-19D5-4E89-B53D-ED11F8F534BA}
	EndGlobalSection
	GlobalSection(ExtensibilityGlobals) = postSolution
		SolutionGuid = {DA9DBE19-3A5F-4E60-837D-F8F36358384C}
	EndGlobalSection
EndGlobal
